// !$*UTF8*$!
{
	archiveVersion = 1;
	classes = {
	};
	objectVersion = 56;
	objects = {

/* Begin PBXBuildFile section */
		B549C3462A8B58A700DB4B46 /* AppDelegate.swift in Sources */ = {isa = PBXBuildFile; fileRef = B549C3452A8B58A700DB4B46 /* AppDelegate.swift */; };
		B549C3482A8B58A700DB4B46 /* SceneDelegate.swift in Sources */ = {isa = PBXBuildFile; fileRef = B549C3472A8B58A700DB4B46 /* SceneDelegate.swift */; };
		B549C34A2A8B58A700DB4B46 /* ViewController.swift in Sources */ = {isa = PBXBuildFile; fileRef = B549C3492A8B58A700DB4B46 /* ViewController.swift */; };
		B549C34D2A8B58A700DB4B46 /* Main.storyboard in Resources */ = {isa = PBXBuildFile; fileRef = B549C34B2A8B58A700DB4B46 /* Main.storyboard */; };
		B549C34F2A8B58A800DB4B46 /* Assets.xcassets in Resources */ = {isa = PBXBuildFile; fileRef = B549C34E2A8B58A800DB4B46 /* Assets.xcassets */; };
		B549C3522A8B58A800DB4B46 /* LaunchScreen.storyboard in Resources */ = {isa = PBXBuildFile; fileRef = B549C3502A8B58A800DB4B46 /* LaunchScreen.storyboard */; };
		B549C35A2A8B594F00DB4B46 /* images in Resources */ = {isa = PBXBuildFile; fileRef = B549C3592A8B594F00DB4B46 /* images */; };
		B573E4622A8FAA2000A2A995 /* wheel-spin.mp3 in Resources */ = {isa = PBXBuildFile; fileRef = B573E4602A8FAA2000A2A995 /* wheel-spin.mp3 */; };
		B573E4652A8FAD0100A2A995 /* open-door.mp3 in Resources */ = {isa = PBXBuildFile; fileRef = B573E4632A8FAD0100A2A995 /* open-door.mp3 */; };
		B573E4742A8FB10400A2A995 /* close-door.mp3 in Resources */ = {isa = PBXBuildFile; fileRef = B573E4732A8FB10400A2A995 /* close-door.mp3 */; };
/* End PBXBuildFile section */

/* Begin PBXFileReference section */
		B549C3422A8B58A700DB4B46 /* bau-cua.app */ = {isa = PBXFileReference; explicitFileType = wrapper.application; includeInIndex = 0; path = "bau-cua.app"; sourceTree = BUILT_PRODUCTS_DIR; };
		B549C3452A8B58A700DB4B46 /* AppDelegate.swift */ = {isa = PBXFileReference; lastKnownFileType = sourcecode.swift; path = AppDelegate.swift; sourceTree = "<group>"; };
		B549C3472A8B58A700DB4B46 /* SceneDelegate.swift */ = {isa = PBXFileReference; lastKnownFileType = sourcecode.swift; path = SceneDelegate.swift; sourceTree = "<group>"; };
		B549C3492A8B58A700DB4B46 /* ViewController.swift */ = {isa = PBXFileReference; lastKnownFileType = sourcecode.swift; path = ViewController.swift; sourceTree = "<group>"; };
		B549C34C2A8B58A700DB4B46 /* Base */ = {isa = PBXFileReference; lastKnownFileType = file.storyboard; name = Base; path = Base.lproj/Main.storyboard; sourceTree = "<group>"; };
		B549C34E2A8B58A800DB4B46 /* Assets.xcassets */ = {isa = PBXFileReference; lastKnownFileType = folder.assetcatalog; path = Assets.xcassets; sourceTree = "<group>"; };
		B549C3512A8B58A800DB4B46 /* Base */ = {isa = PBXFileReference; lastKnownFileType = file.storyboard; name = Base; path = Base.lproj/LaunchScreen.storyboard; sourceTree = "<group>"; };
		B549C3532A8B58A800DB4B46 /* Info.plist */ = {isa = PBXFileReference; lastKnownFileType = text.plist.xml; path = Info.plist; sourceTree = "<group>"; };
		B549C3592A8B594F00DB4B46 /* images */ = {isa = PBXFileReference; lastKnownFileType = folder; path = images; sourceTree = "<group>"; };
		B573E4602A8FAA2000A2A995 /* wheel-spin.mp3 */ = {isa = PBXFileReference; lastKnownFileType = audio.mp3; path = "wheel-spin.mp3"; sourceTree = "<group>"; };
		B573E4632A8FAD0100A2A995 /* open-door.mp3 */ = {isa = PBXFileReference; lastKnownFileType = audio.mp3; path = "open-door.mp3"; sourceTree = "<group>"; };
		B573E4732A8FB10400A2A995 /* close-door.mp3 */ = {isa = PBXFileReference; lastKnownFileType = audio.mp3; name = "close-door.mp3"; path = "../../../../../../../Downloads/close-door.mp3"; sourceTree = "<group>"; };
/* End PBXFileReference section */

/* Begin PBXFrameworksBuildPhase section */
		B549C33F2A8B58A700DB4B46 /* Frameworks */ = {
			isa = PBXFrameworksBuildPhase;
			buildActionMask = 2147483647;
			files = (
			);
			runOnlyForDeploymentPostprocessing = 0;
		};
/* End PBXFrameworksBuildPhase section */

/* Begin PBXGroup section */
		B549C3392A8B58A600DB4B46 = {
			isa = PBXGroup;
			children = (
				B549C3442A8B58A700DB4B46 /* bau-cua */,
				B549C3432A8B58A700DB4B46 /* Products */,
			);
			sourceTree = "<group>";
		};
		B549C3432A8B58A700DB4B46 /* Products */ = {
			isa = PBXGroup;
			children = (
				B549C3422A8B58A700DB4B46 /* bau-cua.app */,
			);
			name = Products;
			sourceTree = "<group>";
		};
		B549C3442A8B58A700DB4B46 /* bau-cua */ = {
			isa = PBXGroup;
			children = (
				B549C3452A8B58A700DB4B46 /* AppDelegate.swift */,
				B549C3472A8B58A700DB4B46 /* SceneDelegate.swift */,
				B549C3492A8B58A700DB4B46 /* ViewController.swift */,
				B549C34B2A8B58A700DB4B46 /* Main.storyboard */,
				B549C34E2A8B58A800DB4B46 /* Assets.xcassets */,
				B549C3502A8B58A800DB4B46 /* LaunchScreen.storyboard */,
				B549C3532A8B58A800DB4B46 /* Info.plist */,
				B549C3592A8B594F00DB4B46 /* images */,
				B573E45E2A8FA9FC00A2A995 /* sounds */,
			);
			path = "bau-cua";
			sourceTree = "<group>";
		};
		B573E45E2A8FA9FC00A2A995 /* sounds */ = {
			isa = PBXGroup;
			children = (
				B573E4602A8FAA2000A2A995 /* wheel-spin.mp3 */,
				B573E4632A8FAD0100A2A995 /* open-door.mp3 */,
				B573E4732A8FB10400A2A995 /* close-door.mp3 */,
			);
			path = sounds;
			sourceTree = "<group>";
		};
/* End PBXGroup section */

/* Begin PBXNativeTarget section */
		B549C3412A8B58A700DB4B46 /* bau-cua */ = {
			isa = PBXNativeTarget;
			buildConfigurationList = B549C3562A8B58A800DB4B46 /* Build configuration list for PBXNativeTarget "bau-cua" */;
			buildPhases = (
				B549C33E2A8B58A700DB4B46 /* Sources */,
				B549C33F2A8B58A700DB4B46 /* Frameworks */,
				B549C3402A8B58A700DB4B46 /* Resources */,
			);
			buildRules = (
			);
			dependencies = (
			);
			name = "bau-cua";
			productName = "bau-cua";
			productReference = B549C3422A8B58A700DB4B46 /* bau-cua.app */;
			productType = "com.apple.product-type.application";
		};
/* End PBXNativeTarget section */

/* Begin PBXProject section */
		B549C33A2A8B58A600DB4B46 /* Project object */ = {
			isa = PBXProject;
			attributes = {
				BuildIndependentTargetsInParallel = 1;
				LastSwiftUpdateCheck = 1430;
				LastUpgradeCheck = 1430;
				TargetAttributes = {
					B549C3412A8B58A700DB4B46 = {
						CreatedOnToolsVersion = 14.3.1;
					};
				};
			};
			buildConfigurationList = B549C33D2A8B58A600DB4B46 /* Build configuration list for PBXProject "bau-cua" */;
			compatibilityVersion = "Xcode 14.0";
			developmentRegion = en;
			hasScannedForEncodings = 0;
			knownRegions = (
				en,
				Base,
			);
			mainGroup = B549C3392A8B58A600DB4B46;
			productRefGroup = B549C3432A8B58A700DB4B46 /* Products */;
			projectDirPath = "";
			projectRoot = "";
			targets = (
				B549C3412A8B58A700DB4B46 /* bau-cua */,
			);
		};
/* End PBXProject section */

/* Begin PBXResourcesBuildPhase section */
		B549C3402A8B58A700DB4B46 /* Resources */ = {
			isa = PBXResourcesBuildPhase;
			buildActionMask = 2147483647;
			files = (
				B573E4622A8FAA2000A2A995 /* wheel-spin.mp3 in Resources */,
				B549C35A2A8B594F00DB4B46 /* images in Resources */,
				B549C3522A8B58A800DB4B46 /* LaunchScreen.storyboard in Resources */,
				B549C34F2A8B58A800DB4B46 /* Assets.xcassets in Resources */,
				B549C34D2A8B58A700DB4B46 /* Main.storyboard in Resources */,
				B573E4742A8FB10400A2A995 /* close-door.mp3 in Resources */,
				B573E4652A8FAD0100A2A995 /* open-door.mp3 in Resources */,
			);
			runOnlyForDeploymentPostprocessing = 0;
		};
/* End PBXResourcesBuildPhase section */

/* Begin PBXSourcesBuildPhase section */
		B549C33E2A8B58A700DB4B46 /* Sources */ = {
			isa = PBXSourcesBuildPhase;
			buildActionMask = 2147483647;
			files = (
				B549C34A2A8B58A700DB4B46 /* ViewController.swift in Sources */,
				B549C3462A8B58A700DB4B46 /* AppDelegate.swift in Sources */,
				B549C3482A8B58A700DB4B46 /* SceneDelegate.swift in Sources */,
			);
			runOnlyForDeploymentPostprocessing = 0;
		};
/* End PBXSourcesBuildPhase section */

/* Begin PBXVariantGroup section */
		B549C34B2A8B58A700DB4B46 /* Main.storyboard */ = {
			isa = PBXVariantGroup;
			children = (
				B549C34C2A8B58A700DB4B46 /* Base */,
			);
			name = Main.storyboard;
			sourceTree = "<group>";
		};
		B549C3502A8B58A800DB4B46 /* LaunchScreen.storyboard */ = {
			isa = PBXVariantGroup;
			children = (
				B549C3512A8B58A800DB4B46 /* Base */,
			);
			name = LaunchScreen.storyboard;
			sourceTree = "<group>";
		};
/* End PBXVariantGroup section */

/* Begin XCBuildConfiguration section */
		B549C3542A8B58A800DB4B46 /* Debug */ = {
			isa = XCBuildConfiguration;
			buildSettings = {
				ALWAYS_SEARCH_USER_PATHS = NO;
				CLANG_ANALYZER_NONNULL = YES;
				CLANG_ANALYZER_NUMBER_OBJECT_CONVERSION = YES_AGGRESSIVE;
				CLANG_CXX_LANGUAGE_STANDARD = "gnu++20";
				CLANG_ENABLE_MODULES = YES;
				CLANG_ENABLE_OBJC_ARC = YES;
				CLANG_ENABLE_OBJC_WEAK = YES;
				CLANG_WARN_BLOCK_CAPTURE_AUTORELEASING = YES;
				CLANG_WARN_BOOL_CONVERSION = YES;
				CLANG_WARN_COMMA = YES;
				CLANG_WARN_CONSTANT_CONVERSION = YES;
				CLANG_WARN_DEPRECATED_OBJC_IMPLEMENTATIONS = YES;
				CLANG_WARN_DIRECT_OBJC_ISA_USAGE = YES_ERROR;
				CLANG_WARN_DOCUMENTATION_COMMENTS = YES;
				CLANG_WARN_EMPTY_BODY = YES;
				CLANG_WARN_ENUM_CONVERSION = YES;
				CLANG_WARN_INFINITE_RECURSION = YES;
				CLANG_WARN_INT_CONVERSION = YES;
				CLANG_WARN_NON_LITERAL_NULL_CONVERSION = YES;
				CLANG_WARN_OBJC_IMPLICIT_RETAIN_SELF = YES;
				CLANG_WARN_OBJC_LITERAL_CONVERSION = YES;
				CLANG_WARN_OBJC_ROOT_CLASS = YES_ERROR;
				CLANG_WARN_QUOTED_INCLUDE_IN_FRAMEWORK_HEADER = YES;
				CLANG_WARN_RANGE_LOOP_ANALYSIS = YES;
				CLANG_WARN_STRICT_PROTOTYPES = YES;
				CLANG_WARN_SUSPICIOUS_MOVE = YES;
				CLANG_WARN_UNGUARDED_AVAILABILITY = YES_AGGRESSIVE;
				CLANG_WARN_UNREACHABLE_CODE = YES;
				CLANG_WARN__DUPLICATE_METHOD_MATCH = YES;
				COPY_PHASE_STRIP = NO;
				DEBUG_INFORMATION_FORMAT = dwarf;
				ENABLE_STRICT_OBJC_MSGSEND = YES;
				ENABLE_TESTABILITY = YES;
				GCC_C_LANGUAGE_STANDARD = gnu11;
				GCC_DYNAMIC_NO_PIC = NO;
				GCC_NO_COMMON_BLOCKS = YES;
				GCC_OPTIMIZATION_LEVEL = 0;
				GCC_PREPROCESSOR_DEFINITIONS = (
					"DEBUG=1",
					"$(inherited)",
				);
				GCC_WARN_64_TO_32_BIT_CONVERSION = YES;
				GCC_WARN_ABOUT_RETURN_TYPE = YES_ERROR;
				GCC_WARN_UNDECLARED_SELECTOR = YES;
				GCC_WARN_UNINITIALIZED_AUTOS = YES_AGGRESSIVE;
				GCC_WARN_UNUSED_FUNCTION = YES;
				GCC_WARN_UNUSED_VARIABLE = YES;
				IPHONEOS_DEPLOYMENT_TARGET = 16.4;
				MTL_ENABLE_DEBUG_INFO = INCLUDE_SOURCE;
				MTL_FAST_MATH = YES;
				ONLY_ACTIVE_ARCH = YES;
				SDKROOT = iphoneos;
				SWIFT_ACTIVE_COMPILATION_CONDITIONS = DEBUG;
				SWIFT_OPTIMIZATION_LEVEL = "-Onone";
			};
			name = Debug;
		};
		B549C3552A8B58A800DB4B46 /* Release */ = {
			isa = XCBuildConfiguration;
			buildSettings = {
				ALWAYS_SEARCH_USER_PATHS = NO;
				CLANG_ANALYZER_NONNULL = YES;
				CLANG_ANALYZER_NUMBER_OBJECT_CONVERSION = YES_AGGRESSIVE;
				CLANG_CXX_LANGUAGE_STANDARD = "gnu++20";
				CLANG_ENABLE_MODULES = YES;
				CLANG_ENABLE_OBJC_ARC = YES;
				CLANG_ENABLE_OBJC_WEAK = YES;
				CLANG_WARN_BLOCK_CAPTURE_AUTORELEASING = YES;
				CLANG_WARN_BOOL_CONVERSION = YES;
				CLANG_WARN_COMMA = YES;
				CLANG_WARN_CONSTANT_CONVERSION = YES;
				CLANG_WARN_DEPRECATED_OBJC_IMPLEMENTATIONS = YES;
				CLANG_WARN_DIRECT_OBJC_ISA_USAGE = YES_ERROR;
				CLANG_WARN_DOCUMENTATION_COMMENTS = YES;
				CLANG_WARN_EMPTY_BODY = YES;
				CLANG_WARN_ENUM_CONVERSION = YES;
				CLANG_WARN_INFINITE_RECURSION = YES;
				CLANG_WARN_INT_CONVERSION = YES;
				CLANG_WARN_NON_LITERAL_NULL_CONVERSION = YES;
				CLANG_WARN_OBJC_IMPLICIT_RETAIN_SELF = YES;
				CLANG_WARN_OBJC_LITERAL_CONVERSION = YES;
				CLANG_WARN_OBJC_ROOT_CLASS = YES_ERROR;
				CLANG_WARN_QUOTED_INCLUDE_IN_FRAMEWORK_HEADER = YES;
				CLANG_WARN_RANGE_LOOP_ANALYSIS = YES;
				CLANG_WARN_STRICT_PROTOTYPES = YES;
				CLANG_WARN_SUSPICIOUS_MOVE = YES;
				CLANG_WARN_UNGUARDED_AVAILABILITY = YES_AGGRESSIVE;
				CLANG_WARN_UNREACHABLE_CODE = YES;
				CLANG_WARN__DUPLICATE_METHOD_MATCH = YES;
				COPY_PHASE_STRIP = NO;
				DEBUG_INFORMATION_FORMAT = "dwarf-with-dsym";
				ENABLE_NS_ASSERTIONS = NO;
				ENABLE_STRICT_OBJC_MSGSEND = YES;
				GCC_C_LANGUAGE_STANDARD = gnu11;
				GCC_NO_COMMON_BLOCKS = YES;
				GCC_WARN_64_TO_32_BIT_CONVERSION = YES;
				GCC_WARN_ABOUT_RETURN_TYPE = YES_ERROR;
				GCC_WARN_UNDECLARED_SELECTOR = YES;
				GCC_WARN_UNINITIALIZED_AUTOS = YES_AGGRESSIVE;
				GCC_WARN_UNUSED_FUNCTION = YES;
				GCC_WARN_UNUSED_VARIABLE = YES;
				IPHONEOS_DEPLOYMENT_TARGET = 16.4;
				MTL_ENABLE_DEBUG_INFO = NO;
				MTL_FAST_MATH = YES;
				SDKROOT = iphoneos;
				SWIFT_COMPILATION_MODE = wholemodule;
				SWIFT_OPTIMIZATION_LEVEL = "-O";
				VALIDATE_PRODUCT = YES;
			};
			name = Release;
		};
		B549C3572A8B58A800DB4B46 /* Debug */ = {
			isa = XCBuildConfiguration;
			buildSettings = {
				ASSETCATALOG_COMPILER_APPICON_NAME = AppIcon;
				ASSETCATALOG_COMPILER_GLOBAL_ACCENT_COLOR_NAME = AccentColor;
				CODE_SIGN_STYLE = Automatic;
				CURRENT_PROJECT_VERSION = 1;
				DEVELOPMENT_TEAM = 24DM794CN9;
				GENERATE_INFOPLIST_FILE = YES;
				INFOPLIST_FILE = "bau-cua/Info.plist";
				INFOPLIST_KEY_CFBundleDisplayName = "Bau Cua";
				INFOPLIST_KEY_LSApplicationCategoryType = "public.app-category.board-games";
				INFOPLIST_KEY_UIApplicationSupportsIndirectInputEvents = YES;
				INFOPLIST_KEY_UILaunchStoryboardName = LaunchScreen;
				INFOPLIST_KEY_UIMainStoryboardFile = Main;
				INFOPLIST_KEY_UISupportedInterfaceOrientations = UIInterfaceOrientationLandscapeRight;
				LD_RUNPATH_SEARCH_PATHS = (
					"$(inherited)",
					"@executable_path/Frameworks",
				);
				MARKETING_VERSION = 1.0;
				PRODUCT_BUNDLE_IDENTIFIER = "iosk12.hntlam.bau-cua";
				PRODUCT_NAME = "$(TARGET_NAME)";
				SWIFT_EMIT_LOC_STRINGS = YES;
				SWIFT_VERSION = 5.0;
				TARGETED_DEVICE_FAMILY = "1,2";
			};
			name = Debug;
		};
		B549C3582A8B58A800DB4B46 /* Release */ = {
			isa = XCBuildConfiguration;
			buildSettings = {
				ASSETCATALOG_COMPILER_APPICON_NAME = AppIcon;
				ASSETCATALOG_COMPILER_GLOBAL_ACCENT_COLOR_NAME = AccentColor;
				CODE_SIGN_STYLE = Automatic;
				CURRENT_PROJECT_VERSION = 1;
				DEVELOPMENT_TEAM = 24DM794CN9;
				GENERATE_INFOPLIST_FILE = YES;
				INFOPLIST_FILE = "bau-cua/Info.plist";
				INFOPLIST_KEY_CFBundleDisplayName = "Bau Cua";
				INFOPLIST_KEY_LSApplicationCategoryType = "public.app-category.board-games";
				INFOPLIST_KEY_UIApplicationSupportsIndirectInputEvents = YES;
				INFOPLIST_KEY_UILaunchStoryboardName = LaunchScreen;
				INFOPLIST_KEY_UIMainStoryboardFile = Main;
				INFOPLIST_KEY_UISupportedInterfaceOrientations = UIInterfaceOrientationLandscapeRight;
				LD_RUNPATH_SEARCH_PATHS = (
					"$(inherited)",
					"@executable_path/Frameworks",
				);
				MARKETING_VERSION = 1.0;
				PRODUCT_BUNDLE_IDENTIFIER = "iosk12.hntlam.bau-cua";
				PRODUCT_NAME = "$(TARGET_NAME)";
				SWIFT_EMIT_LOC_STRINGS = YES;
				SWIFT_VERSION = 5.0;
				TARGETED_DEVICE_FAMILY = "1,2";
			};
			name = Release;
		};
/* End XCBuildConfiguration section */

/* Begin XCConfigurationList section */
		B549C33D2A8B58A600DB4B46 /* Build configuration list for PBXProject "bau-cua" */ = {
			isa = XCConfigurationList;
			buildConfigurations = (
				B549C3542A8B58A800DB4B46 /* Debug */,
				B549C3552A8B58A800DB4B46 /* Release */,
			);
			defaultConfigurationIsVisible = 0;
			defaultConfigurationName = Release;
		};
		B549C3562A8B58A800DB4B46 /* Build configuration list for PBXNativeTarget "bau-cua" */ = {
			isa = XCConfigurationList;
			buildConfigurations = (
				B549C3572A8B58A800DB4B46 /* Debug */,
				B549C3582A8B58A800DB4B46 /* Release */,
			);
			defaultConfigurationIsVisible = 0;
			defaultConfigurationName = Release;
		};
/* End XCConfigurationList section */
	};
	rootObject = B549C33A2A8B58A600DB4B46 /* Project object */;
}
